
Microsoft Visual Studio Solution File, Format Version 12.00
# Visual Studio Version 16
VisualStudioVersion = 16.0.30621.155
MinimumVisualStudioVersion = 10.0.40219.1
Project("{FAE04EC0-301F-11D3-BF4B-00C04F79EFBC}") = "lab7", "lab7\lab7.csproj", "{8CBC7A95-015A-44A5-91B3-307BF8D54118}"
EndProject
Project("{FAE04EC0-301F-11D3-BF4B-00C04F79EFBC}") = "TestComposite", "ClassLibrary1\TestComposite.csproj", "{C4EBAAD8-C090-45E6-BF3B-A97179A3D7CC}"
EndProject
Global
	GlobalSection(SolutionConfigurationPlatforms) = preSolution
		Debug|Any CPU = Debug|Any CPU
		Release|Any CPU = Release|Any CPU
	EndGlobalSection
	GlobalSection(ProjectConfigurationPlatforms) = postSolution
		{8CBC7A95-015A-44A5-91B3-307BF8D54118}.Debug|Any CPU.ActiveCfg = Debug|Any CPU
		{8CBC7A95-015A-44A5-91B3-307BF8D54118}.Debug|Any CPU.Build.0 = Debug|Any CPU
		{8CBC7A95-015A-44A5-91B3-307BF8D54118}.Release|Any CPU.ActiveCfg = Release|Any CPU
		{8CBC7A95-015A-44A5-91B3-307BF8D54118}.Release|Any CPU.Build.0 = Release|Any CPU
		{C4EBAAD8-C090-45E6-BF3B-A97179A3D7CC}.Debug|Any CPU.ActiveCfg = Debug|Any CPU
		{C4EBAAD8-C090-45E6-BF3B-A97179A3D7CC}.Debug|Any CPU.Build.0 = Debug|Any CPU
		{C4EBAAD8-C090-45E6-BF3B-A97179A3D7CC}.Release|Any CPU.ActiveCfg = Release|Any CPU
		{C4EBAAD8-C090-45E6-BF3B-A97179A3D7CC}.Release|Any CPU.Build.0 = Release|Any CPU
	EndGlobalSection
	GlobalSection(SolutionProperties) = preSolution
		HideSolutionNode = FALSE
	EndGlobalSection
	GlobalSection(ExtensibilityGlobals) = postSolution
		SolutionGuid = {259D9065-7211-4AAE-A054-FCCD2936BBA0}
	EndGlobalSection
EndGlobal
