
Microsoft Visual Studio Solution File, Format Version 12.00
# Visual Studio Version 16
VisualStudioVersion = 16.0.30621.155
MinimumVisualStudioVersion = 10.0.40219.1
Project("{FAE04EC0-301F-11D3-BF4B-00C04F79EFBC}") = "From_Lab_2", "From_Lab_2\From_Lab_2.csproj", "{D74517D4-331E-4DC7-8EFD-BAEE8FD1FBB3}"
EndProject
Project("{FAE04EC0-301F-11D3-BF4B-00C04F79EFBC}") = "TESTS", "ClassLibrary\TESTS.csproj", "{4676B09C-005E-4481-A3EE-C408007027AB}"
EndProject
Global
	GlobalSection(SolutionConfigurationPlatforms) = preSolution
		Debug|Any CPU = Debug|Any CPU
		Release|Any CPU = Release|Any CPU
	EndGlobalSection
	GlobalSection(ProjectConfigurationPlatforms) = postSolution
		{D74517D4-331E-4DC7-8EFD-BAEE8FD1FBB3}.Debug|Any CPU.ActiveCfg = Debug|Any CPU
		{D74517D4-331E-4DC7-8EFD-BAEE8FD1FBB3}.Debug|Any CPU.Build.0 = Debug|Any CPU
		{D74517D4-331E-4DC7-8EFD-BAEE8FD1FBB3}.Release|Any CPU.ActiveCfg = Release|Any CPU
		{D74517D4-331E-4DC7-8EFD-BAEE8FD1FBB3}.Release|Any CPU.Build.0 = Release|Any CPU
		{4676B09C-005E-4481-A3EE-C408007027AB}.Debug|Any CPU.ActiveCfg = Debug|Any CPU
		{4676B09C-005E-4481-A3EE-C408007027AB}.Debug|Any CPU.Build.0 = Debug|Any CPU
		{4676B09C-005E-4481-A3EE-C408007027AB}.Release|Any CPU.ActiveCfg = Release|Any CPU
		{4676B09C-005E-4481-A3EE-C408007027AB}.Release|Any CPU.Build.0 = Release|Any CPU
	EndGlobalSection
	GlobalSection(SolutionProperties) = preSolution
		HideSolutionNode = FALSE
	EndGlobalSection
	GlobalSection(ExtensibilityGlobals) = postSolution
		SolutionGuid = {7AB70262-1024-4359-927A-245B52EFEB99}
	EndGlobalSection
EndGlobal
